{
  "lockfileVersion": 1,
  "configVersion": 0,
  "workspaces": {
    "": {
      "name": "substack",
      "dependencies": {
        "fetch-cookie": "^3.2.0",
        "tough-cookie": "^6.0.2",
        "zod": "^4.1.12",
      },
      "devDependencies": {
        "@types/node": "22.20.1",
        "typescript": "5.9.3",
      },
    },
  },
  "packages": {
    "@types/node": ["@types/node@22.20.1", "", { "dependencies": { "undici-types": "~6.21.0" } }, "sha512-EANqOCF9QFyra+4pfxUcX9STKJpCLjMbObVzljIJomAWSnuSIEAvyzEU53GaajbXJEgdh0iEcPL+DGvpUd4k1Q=="],

    "fetch-cookie": ["fetch-cookie@3.2.0", "", { "dependencies": { "set-cookie-parser": "^2.4.8", "tough-cookie": "^6.0.0" } }, "sha512-n61pQIxP25C6DRhcJxn7BDzgHP/+S56Urowb5WFxtcRMpU6drqXD90xjyAsVQYsNSNNVbaCcYY1DuHsdkZLuiA=="],

    "set-cookie-parser": ["set-cookie-parser@2.7.2", "", {}, "sha512-oeM1lpU/UvhTxw+g3cIfxXHyJRc/uidd3yK1P242gzHds0udQBYzs3y8j4gCCW+ZJ7ad0yctld8RYO+bdurlvw=="],

    "tldts": ["tldts@7.4.12", "", { "dependencies": { "tldts-core": "^7.4.12" }, "bin": { "tldts": "bin/cli.js" } }, "sha512-WylhSDKVeYnWXL3a+vKTaOxjnOeEGw938hImY8zoRWJjRRK/Jp1K+IihBzIONpUmW4e3WmXT6q5FW6vlESVZCA=="],

    "tldts-core": ["tldts-core@7.4.12", "", {}, "sha512-nYNzS2WRf4QJmjzFFgAxLOBjyBxAGRbCy9PVBPaglcYyYajh40VBn+v5Ngr96ZMc7oM0+aCJdtQnNejvdBnXMQ=="],

    "tough-cookie": ["tough-cookie@6.0.2", "", { "dependencies": { "tldts": "^7.0.5" } }, "sha512-exgYmnmL/sJpR3upZfXG5PoatXQii55xAiXGXzY+sROLZ/Y+SLcp9PgJNI9Vz37HpQ74WvDcLT8eqm+kV3FzrA=="],

    "typescript": ["typescript@5.9.3", "", { "bin": { "tsc": "bin/tsc", "tsserver": "bin/tsserver" } }, "sha512-jl1vZzPDinLr9eUt3J/t7V6FgNEw9QjvBPdysz9KfQDD41fQrC2Y4vKQdiaUpFT4bXlb1RHhLpp8wtm6M5TgSw=="],

    "undici-types": ["undici-types@6.21.0", "", {}, "sha512-iwDZqg0QAGrg9Rav5H4n0M64c3mkR59cJ6wQp+7C4nI0gsmExaedaYLNO44eT4AtBBwjbTiGPMlt2Md0T9H9JQ=="],

    "zod": ["zod@4.1.12", "", {}, "sha512-JInaHOamG8pt5+Ey8kGmdcAcg3OL9reK8ltczgHTAwNhMys/6ThXHityHxVV2p3fkw/c+MAvBHFVYHFZDmjMCQ=="],
  }
}
